// !$*UTF8*$!
{
	archiveVersion = 1;
	classes = {
	};
	objectVersion = 46;
	objects = {

/* Begin PBXBuildFile section */
		5740F81A18935EDE006C56F8 /* Foundation.framework in Frameworks */ = {isa = PBXBuildFile; fileRef = 5740F81918935EDE006C56F8 /* Foundation.framework */; };
		5740F81C18935EDE006C56F8 /* CoreGraphics.framework in Frameworks */ = {isa = PBXBuildFile; fileRef = 5740F81B18935EDE006C56F8 /* CoreGraphics.framework */; };
		5740F81E18935EDE006C56F8 /* UIKit.framework in Frameworks */ = {isa = PBXBuildFile; fileRef = 5740F81D18935EDE006C56F8 /* UIKit.framework */; };
		5740F82418935EDE006C56F8 /* InfoPlist.strings in Resources */ = {isa = PBXBuildFile; fileRef = 5740F82218935EDE006C56F8 /* InfoPlist.strings */; };
		5740F82618935EDE006C56F8 /* main.m in Sources */ = {isa = PBXBuildFile; fileRef = 5740F82518935EDE006C56F8 /* main.m */; };
		5740F82A18935EDE006C56F8 /* TimeTravelerAppDelegate.m in Sources */ = {isa = PBXBuildFile; fileRef = 5740F82918935EDE006C56F8 /* TimeTravelerAppDelegate.m */; };
		5740F82C18935EDE006C56F8 /* Images.xcassets in Resources */ = {isa = PBXBuildFile; fileRef = 5740F82B18935EDE006C56F8 /* Images.xcassets */; };
		5740F83318935EDE006C56F8 /* XCTest.framework in Frameworks */ = {isa = PBXBuildFile; fileRef = 5740F83218935EDE006C56F8 /* XCTest.framework */; };
		5740F83418935EDE006C56F8 /* Foundation.framework in Frameworks */ = {isa = PBXBuildFile; fileRef = 5740F81918935EDE006C56F8 /* Foundation.framework */; };
		5740F83518935EDE006C56F8 /* UIKit.framework in Frameworks */ = {isa = PBXBuildFile; fileRef = 5740F81D18935EDE006C56F8 /* UIKit.framework */; };
		5740F83D18935EDE006C56F8 /* InfoPlist.strings in Resources */ = {isa = PBXBuildFile; fileRef = 5740F83B18935EDE006C56F8 /* InfoPlist.strings */; };
		5740F83F18935EDE006C56F8 /* Time_TravelerTests.m in Sources */ = {isa = PBXBuildFile; fileRef = 5740F83E18935EDE006C56F8 /* Time_TravelerTests.m */; };
/* End PBXBuildFile section */

/* Begin PBXContainerItemProxy section */
		5740F83618935EDE006C56F8 /* PBXContainerItemProxy */ = {
			isa = PBXContainerItemProxy;
			containerPortal = 5740F80E18935EDE006C56F8 /* Project object */;
			proxyType = 1;
			remoteGlobalIDString = 5740F81518935EDE006C56F8;
			remoteInfo = "Time Traveler";
		};
/* End PBXContainerItemProxy section */

/* Begin PBXFileReference section */
		5740F81618935EDE006C56F8 /* Time Traveler.app */ = {isa = PBXFileReference; explicitFileType = wrapper.application; includeInIndex = 0; path = "Time Traveler.app"; sourceTree = BUILT_PRODUCTS_DIR; };
		5740F81918935EDE006C56F8 /* Foundation.framework */ = {isa = PBXFileReference; lastKnownFileType = wrapper.framework; name = Foundation.framework; path = System/Library/Frameworks/Foundation.framework; sourceTree = SDKROOT; };
		5740F81B18935EDE006C56F8 /* CoreGraphics.framework */ = {isa = PBXFileReference; lastKnownFileType = wrapper.framework; name = CoreGraphics.framework; path = System/Library/Frameworks/CoreGraphics.framework; sourceTree = SDKROOT; };
		5740F81D18935EDE006C56F8 /* UIKit.framework */ = {isa = PBXFileReference; lastKnownFileType = wrapper.framework; name = UIKit.framework; path = System/Library/Frameworks/UIKit.framework; sourceTree = SDKROOT; };
		5740F82118935EDE006C56F8 /* Time Traveler-Info.plist */ = {isa = PBXFileReference; lastKnownFileType = text.plist.xml; path = "Time Traveler-Info.plist"; sourceTree = "<group>"; };
		5740F82318935EDE006C56F8 /* en */ = {isa = PBXFileReference; lastKnownFileType = text.plist.strings; name = en; path = en.lproj/InfoPlist.strings; sourceTree = "<group>"; };
		5740F82518935EDE006C56F8 /* main.m */ = {isa = PBXFileReference; lastKnownFileType = sourcecode.c.objc; path = main.m; sourceTree = "<group>"; };
		5740F82718935EDE006C56F8 /* Time Traveler-Prefix.pch */ = {isa = PBXFileReference; lastKnownFileType = sourcecode.c.h; path = "Time Traveler-Prefix.pch"; sourceTree = "<group>"; };
		5740F82818935EDE006C56F8 /* TimeTravelerAppDelegate.h */ = {isa = PBXFileReference; lastKnownFileType = sourcecode.c.h; path = TimeTravelerAppDelegate.h; sourceTree = "<group>"; };
		5740F82918935EDE006C56F8 /* TimeTravelerAppDelegate.m */ = {isa = PBXFileReference; lastKnownFileType = sourcecode.c.objc; path = TimeTravelerAppDelegate.m; sourceTree = "<group>"; };
		5740F82B18935EDE006C56F8 /* Images.xcassets */ = {isa = PBXFileReference; lastKnownFileType = folder.assetcatalog; path = Images.xcassets; sourceTree = "<group>"; };
		5740F83118935EDE006C56F8 /* Time TravelerTests.xctest */ = {isa = PBXFileReference; explicitFileType = wrapper.cfbundle; includeInIndex = 0; path = "Time TravelerTests.xctest"; sourceTree = BUILT_PRODUCTS_DIR; };
		5740F83218935EDE006C56F8 /* XCTest.framework */ = {isa = PBXFileReference; lastKnownFileType = wrapper.framework; name = XCTest.framework; path = Library/Frameworks/XCTest.framework; sourceTree = DEVELOPER_DIR; };
		5740F83A18935EDE006C56F8 /* Time TravelerTests-Info.plist */ = {isa = PBXFileReference; lastKnownFileType = text.plist.xml; path = "Time TravelerTests-Info.plist"; sourceTree = "<group>"; };
		5740F83C18935EDE006C56F8 /* en */ = {isa = PBXFileReference; lastKnownFileType = text.plist.strings; name = en; path = en.lproj/InfoPlist.strings; sourceTree = "<group>"; };
		5740F83E18935EDE006C56F8 /* Time_TravelerTests.m */ = {isa = PBXFileReference; lastKnownFileType = sourcecode.c.objc; path = Time_TravelerTests.m; sourceTree = "<group>"; };
/* End PBXFileReference section */

/* Begin PBXFrameworksBuildPhase section */
		5740F81318935EDE006C56F8 /* Frameworks */ = {
			isa = PBXFrameworksBuildPhase;
			buildActionMask = 2147483647;
			files = (
				5740F81C18935EDE006C56F8 /* CoreGraphics.framework in Frameworks */,
				5740F81E18935EDE006C56F8 /* UIKit.framework in Frameworks */,
				5740F81A18935EDE006C56F8 /* Foundation.framework in Frameworks */,
			);
			runOnlyForDeploymentPostprocessing = 0;
		};
		5740F82E18935EDE006C56F8 /* Frameworks */ = {
			isa = PBXFrameworksBuildPhase;
			buildActionMask = 2147483647;
			files = (
				5740F83318935EDE006C56F8 /* XCTest.framework in Frameworks */,
				5740F83518935EDE006C56F8 /* UIKit.framework in Frameworks */,
				5740F83418935EDE006C56F8 /* Foundation.framework in Frameworks */,
			);
			runOnlyForDeploymentPostprocessing = 0;
		};
/* End PBXFrameworksBuildPhase section */

/* Begin PBXGroup section */
		5740F80D18935EDE006C56F8 = {
			isa = PBXGroup;
			children = (
				5740F81F18935EDE006C56F8 /* Time Traveler */,
				5740F83818935EDE006C56F8 /* Time TravelerTests */,
				5740F81818935EDE006C56F8 /* Frameworks */,
				5740F81718935EDE006C56F8 /* Products */,
			);
			sourceTree = "<group>";
		};
		5740F81718935EDE006C56F8 /* Products */ = {
			isa = PBXGroup;
			children = (
				5740F81618935EDE006C56F8 /* Time Traveler.app */,
				5740F83118935EDE006C56F8 /* Time TravelerTests.xctest */,
			);
			name = Products;
			sourceTree = "<group>";
		};
		5740F81818935EDE006C56F8 /* Frameworks */ = {
			isa = PBXGroup;
			children = (
				5740F81918935EDE006C56F8 /* Foundation.framework */,
				5740F81B18935EDE006C56F8 /* CoreGraphics.framework */,
				5740F81D18935EDE006C56F8 /* UIKit.framework */,
				5740F83218935EDE006C56F8 /* XCTest.framework */,
			);
			name = Frameworks;
			sourceTree = "<group>";
		};
		5740F81F18935EDE006C56F8 /* Time Traveler */ = {
			isa = PBXGroup;
			children = (
				5740F82818935EDE006C56F8 /* TimeTravelerAppDelegate.h */,
				5740F82918935EDE006C56F8 /* TimeTravelerAppDelegate.m */,
				5740F82B18935EDE006C56F8 /* Images.xcassets */,
				5740F82018935EDE006C56F8 /* Supporting Files */,
			);
			path = "Time Traveler";
			sourceTree = "<group>";
		};
		5740F82018935EDE006C56F8 /* Supporting Files */ = {
			isa = PBXGroup;
			children = (
				5740F82118935EDE006C56F8 /* Time Traveler-Info.plist */,
				5740F82218935EDE006C56F8 /* InfoPlist.strings */,
				5740F82518935EDE006C56F8 /* main.m */,
				5740F82718935EDE006C56F8 /* Time Traveler-Prefix.pch */,
			);
			name = "Supporting Files";
			sourceTree = "<group>";
		};
		5740F83818935EDE006C56F8 /* Time TravelerTests */ = {
			isa = PBXGroup;
			children = (
				5740F83E18935EDE006C56F8 /* Time_TravelerTests.m */,
				5740F83918935EDE006C56F8 /* Supporting Files */,
			);
			path = "Time TravelerTests";
			sourceTree = "<group>";
		};
		5740F83918935EDE006C56F8 /* Supporting Files */ = {
			isa = PBXGroup;
			children = (
				5740F83A18935EDE006C56F8 /* Time TravelerTests-Info.plist */,
				5740F83B18935EDE006C56F8 /* InfoPlist.strings */,
			);
			name = "Supporting Files";
			sourceTree = "<group>";
		};
/* End PBXGroup section */

/* Begin PBXNativeTarget section */
		5740F81518935EDE006C56F8 /* Time Traveler */ = {
			isa = PBXNativeTarget;
			buildConfigurationList = 5740F84218935EDE006C56F8 /* Build configuration list for PBXNativeTarget "Time Traveler" */;
			buildPhases = (
				5740F81218935EDE006C56F8 /* Sources */,
				5740F81318935EDE006C56F8 /* Frameworks */,
				5740F81418935EDE006C56F8 /* Resources */,
			);
			buildRules = (
			);
			dependencies = (
			);
			name = "Time Traveler";
			productName = "Time Traveler";
			productReference = 5740F81618935EDE006C56F8 /* Time Traveler.app */;
			productType = "com.apple.product-type.application";
		};
		5740F83018935EDE006C56F8 /* Time TravelerTests */ = {
			isa = PBXNativeTarget;
			buildConfigurationList = 5740F84518935EDE006C56F8 /* Build configuration list for PBXNativeTarget "Time TravelerTests" */;
			buildPhases = (
				5740F82D18935EDE006C56F8 /* Sources */,
				5740F82E18935EDE006C56F8 /* Frameworks */,
				5740F82F18935EDE006C56F8 /* Resources */,
			);
			buildRules = (
			);
			dependencies = (
				5740F83718935EDE006C56F8 /* PBXTargetDependency */,
			);
			name = "Time TravelerTests";
			productName = "Time TravelerTests";
			productReference = 5740F83118935EDE006C56F8 /* Time TravelerTests.xctest */;
			productType = "com.apple.product-type.bundle.unit-test";
		};
/* End PBXNativeTarget section */

/* Begin PBXProject section */
		5740F80E18935EDE006C56F8 /* Project object */ = {
			isa = PBXProject;
			attributes = {
				CLASSPREFIX = TimeTraveler;
				LastUpgradeCheck = 0500;
				ORGANIZATIONNAME = snowFish;
				TargetAttributes = {
					5740F83018935EDE006C56F8 = {
						TestTargetID = 5740F81518935EDE006C56F8;
					};
				};
			};
			buildConfigurationList = 5740F81118935EDE006C56F8 /* Build configuration list for PBXProject "Time Traveler" */;
			compatibilityVersion = "Xcode 3.2";
			developmentRegion = English;
			hasScannedForEncodings = 0;
			knownRegions = (
				en,
			);
			mainGroup = 5740F80D18935EDE006C56F8;
			productRefGroup = 5740F81718935EDE006C56F8 /* Products */;
			projectDirPath = "";
			projectRoot = "";
			targets = (
				5740F81518935EDE006C56F8 /* Time Traveler */,
				5740F83018935EDE006C56F8 /* Time TravelerTests */,
			);
		};
/* End PBXProject section */

/* Begin PBXResourcesBuildPhase section */
		5740F81418935EDE006C56F8 /* Resources */ = {
			isa = PBXResourcesBuildPhase;
			buildActionMask = 2147483647;
			files = (
				5740F82418935EDE006C56F8 /* InfoPlist.strings in Resources */,
				5740F82C18935EDE006C56F8 /* Images.xcassets in Resources */,
			);
			runOnlyForDeploymentPostprocessing = 0;
		};
		5740F82F18935EDE006C56F8 /* Resources */ = {
			isa = PBXResourcesBuildPhase;
			buildActionMask = 2147483647;
			files = (
				5740F83D18935EDE006C56F8 /* InfoPlist.strings in Resources */,
			);
			runOnlyForDeploymentPostprocessing = 0;
		};
/* End PBXResourcesBuildPhase section */

/* Begin PBXSourcesBuildPhase section */
		5740F81218935EDE006C56F8 /* Sources */ = {
			isa = PBXSourcesBuildPhase;
			buildActionMask = 2147483647;
			files = (
				5740F82A18935EDE006C56F8 /* TimeTravelerAppDelegate.m in Sources */,
				5740F82618935EDE006C56F8 /* main.m in Sources */,
			);
			runOnlyForDeploymentPostprocessing = 0;
		};
		5740F82D18935EDE006C56F8 /* Sources */ = {
			isa = PBXSourcesBuildPhase;
			buildActionMask = 2147483647;
			files = (
				5740F83F18935EDE006C56F8 /* Time_TravelerTests.m in Sources */,
			);
			runOnlyForDeploymentPostprocessing = 0;
		};
/* End PBXSourcesBuildPhase section */

/* Begin PBXTargetDependency section */
		5740F83718935EDE006C56F8 /* PBXTargetDependency */ = {
			isa = PBXTargetDependency;
			target = 5740F81518935EDE006C56F8 /* Time Traveler */;
			targetProxy = 5740F83618935EDE006C56F8 /* PBXContainerItemProxy */;
		};
/* End PBXTargetDependency section */

/* Begin PBXVariantGroup section */
		5740F82218935EDE006C56F8 /* InfoPlist.strings */ = {
			isa = PBXVariantGroup;
			children = (
				5740F82318935EDE006C56F8 /* en */,
			);
			name = InfoPlist.strings;
			sourceTree = "<group>";
		};
		5740F83B18935EDE006C56F8 /* InfoPlist.strings */ = {
			isa = PBXVariantGroup;
			children = (
				5740F83C18935EDE006C56F8 /* en */,
			);
			name = InfoPlist.strings;
			sourceTree = "<group>";
		};
/* End PBXVariantGroup section */

/* Begin XCBuildConfiguration section */
		5740F84018935EDE006C56F8 /* Debug */ = {
			isa = XCBuildConfiguration;
			buildSettings = {
				ALWAYS_SEARCH_USER_PATHS = NO;
				ARCHS = "$(ARCHS_STANDARD_INCLUDING_64_BIT)";
				CLANG_CXX_LANGUAGE_STANDARD = "gnu++0x";
				CLANG_CXX_LIBRARY = "libc++";
				CLANG_ENABLE_MODULES = YES;
				CLANG_ENABLE_OBJC_ARC = YES;
				CLANG_WARN_BOOL_CONVERSION = YES;
				CLANG_WARN_CONSTANT_CONVERSION = YES;
				CLANG_WARN_DIRECT_OBJC_ISA_USAGE = YES_ERROR;
				CLANG_WARN_EMPTY_BODY = YES;
				CLANG_WARN_ENUM_CONVERSION = YES;
				CLANG_WARN_INT_CONVERSION = YES;
				CLANG_WARN_OBJC_ROOT_CLASS = YES_ERROR;
				CLANG_WARN__DUPLICATE_METHOD_MATCH = YES;
				"CODE_SIGN_IDENTITY[sdk=iphoneos*]" = "iPhone Developer";
				COPY_PHASE_STRIP = NO;
				GCC_C_LANGUAGE_STANDARD = gnu99;
				GCC_DYNAMIC_NO_PIC = NO;
				GCC_OPTIMIZATION_LEVEL = 0;
				GCC_PREPROCESSOR_DEFINITIONS = (
					"DEBUG=1",
					"$(inherited)",
				);
				GCC_SYMBOLS_PRIVATE_EXTERN = NO;
				GCC_WARN_64_TO_32_BIT_CONVERSION = YES;
				GCC_WARN_ABOUT_RETURN_TYPE = YES_ERROR;
				GCC_WARN_UNDECLARED_SELECTOR = YES;
				GCC_WARN_UNINITIALIZED_AUTOS = YES;
				GCC_WARN_UNUSED_FUNCTION = YES;
				GCC_WARN_UNUSED_VARIABLE = YES;
				IPHONEOS_DEPLOYMENT_TARGET = 7.0;
				ONLY_ACTIVE_ARCH = YES;
				SDKROOT = iphoneos;
			};
			name = Debug;
		};
		5740F84118935EDE006C56F8 /* Release */ = {
			isa = XCBuildConfiguration;
			buildSettings = {
				ALWAYS_SEARCH_USER_PATHS = NO;
				ARCHS = "$(ARCHS_STANDARD_INCLUDING_64_BIT)";
				CLANG_CXX_LANGUAGE_STANDARD = "gnu++0x";
				CLANG_CXX_LIBRARY = "libc++";
				CLANG_ENABLE_MODULES = YES;
				CLANG_ENABLE_OBJC_ARC = YES;
				CLANG_WARN_BOOL_CONVERSION = YES;
				CLANG_WARN_CONSTANT_CONVERSION = YES;
				CLANG_WARN_DIRECT_OBJC_ISA_USAGE = YES_ERROR;
				CLANG_WARN_EMPTY_BODY = YES;
				CLANG_WARN_ENUM_CONVERSION = YES;
				CLANG_WARN_INT_CONVERSION = YES;
				CLANG_WARN_OBJC_ROOT_CLASS = YES_ERROR;
				CLANG_WARN__DUPLICATE_METHOD_MATCH = YES;
				"CODE_SIGN_IDENTITY[sdk=iphoneos*]" = "iPhone Developer";
				COPY_PHASE_STRIP = YES;
				ENABLE_NS_ASSERTIONS = NO;
				GCC_C_LANGUAGE_STANDARD = gnu99;
				GCC_WARN_64_TO_32_BIT_CONVERSION = YES;
				GCC_WARN_ABOUT_RETURN_TYPE = YES_ERROR;
				GCC_WARN_UNDECLARED_SELECTOR = YES;
				GCC_WARN_UNINITIALIZED_AUTOS = YES;
				GCC_WARN_UNUSED_FUNCTION = YES;
				GCC_WARN_UNUSED_VARIABLE = YES;
				IPHONEOS_DEPLOYMENT_TARGET = 7.0;
				SDKROOT = iphoneos;
				VALIDATE_PRODUCT = YES;
			};
			name = Release;
		};
		5740F84318935EDE006C56F8 /* Debug */ = {
			isa = XCBuildConfiguration;
			buildSettings = {
				ASSETCATALOG_COMPILER_APPICON_NAME = AppIcon;
				ASSETCATALOG_COMPILER_LAUNCHIMAGE_NAME = LaunchImage;
				GCC_PRECOMPILE_PREFIX_HEADER = YES;
				GCC_PREFIX_HEADER = "Time Traveler/Time Traveler-Prefix.pch";
				INFOPLIST_FILE = "Time Traveler/Time Traveler-Info.plist";
				PRODUCT_NAME = "$(TARGET_NAME)";
				WRAPPER_EXTENSION = app;
			};
			name = Debug;
		};
		5740F84418935EDE006C56F8 /* Release */ = {
			isa = XCBuildConfiguration;
			buildSettings = {
				ASSETCATALOG_COMPILER_APPICON_NAME = AppIcon;
				ASSETCATALOG_COMPILER_LAUNCHIMAGE_NAME = LaunchImage;
				GCC_PRECOMPILE_PREFIX_HEADER = YES;
				GCC_PREFIX_HEADER = "Time Traveler/Time Traveler-Prefix.pch";
				INFOPLIST_FILE = "Time Traveler/Time Traveler-Info.plist";
				PRODUCT_NAME = "$(TARGET_NAME)";
				WRAPPER_EXTENSION = app;
			};
			name = Release;
		};
		5740F84618935EDE006C56F8 /* Debug */ = {
			isa = XCBuildConfiguration;
			buildSettings = {
				ARCHS = "$(ARCHS_STANDARD_INCLUDING_64_BIT)";
				BUNDLE_LOADER = "$(BUILT_PRODUCTS_DIR)/Time Traveler.app/Time Traveler";
				FRAMEWORK_SEARCH_PATHS = (
					"$(SDKROOT)/Developer/Library/Frameworks",
					"$(inherited)",
					"$(DEVELOPER_FRAMEWORKS_DIR)",
				);
				GCC_PRECOMPILE_PREFIX_HEADER = YES;
				GCC_PREFIX_HEADER = "Time Traveler/Time Traveler-Prefix.pch";
				GCC_PREPROCESSOR_DEFINITIONS = (
					"DEBUG=1",
					"$(inherited)",
				);
				INFOPLIST_FILE = "Time TravelerTests/Time TravelerTests-Info.plist";
				PRODUCT_NAME = "$(TARGET_NAME)";
				TEST_HOST = "$(BUNDLE_LOADER)";
				WRAPPER_EXTENSION = xctest;
			};
			name = Debug;
		};
		5740F84718935EDE006C56F8 /* Release */ = {
			isa = XCBuildConfiguration;
			buildSettings = {
				ARCHS = "$(ARCHS_STANDARD_INCLUDING_64_BIT)";
				BUNDLE_LOADER = "$(BUILT_PRODUCTS_DIR)/Time Traveler.app/Time Traveler";
				FRAMEWORK_SEARCH_PATHS = (
					"$(SDKROOT)/Developer/Library/Frameworks",
					"$(inherited)",
					"$(DEVELOPER_FRAMEWORKS_DIR)",
				);
				GCC_PRECOMPILE_PREFIX_HEADER = YES;
				GCC_PREFIX_HEADER = "Time Traveler/Time Traveler-Prefix.pch";
				INFOPLIST_FILE = "Time TravelerTests/Time TravelerTests-Info.plist";
				PRODUCT_NAME = "$(TARGET_NAME)";
				TEST_HOST = "$(BUNDLE_LOADER)";
				WRAPPER_EXTENSION = xctest;
			};
			name = Release;
		};
/* End XCBuildConfiguration section */

/* Begin XCConfigurationList section */
		5740F81118935EDE006C56F8 /* Build configuration list for PBXProject "Time Traveler" */ = {
			isa = XCConfigurationList;
			buildConfigurations = (
				5740F84018935EDE006C56F8 /* Debug */,
				5740F84118935EDE006C56F8 /* Release */,
			);
			defaultConfigurationIsVisible = 0;
			defaultConfigurationName = Release;
		};
		5740F84218935EDE006C56F8 /* Build configuration list for PBXNativeTarget "Time Traveler" */ = {
			isa = XCConfigurationList;
			buildConfigurations = (
				5740F84318935EDE006C56F8 /* Debug */,
				5740F84418935EDE006C56F8 /* Release */,
			);
			defaultConfigurationIsVisible = 0;
		};
		5740F84518935EDE006C56F8 /* Build configuration list for PBXNativeTarget "Time TravelerTests" */ = {
			isa = XCConfigurationList;
			buildConfigurations = (
				5740F84618935EDE006C56F8 /* Debug */,
				5740F84718935EDE006C56F8 /* Release */,
			);
			defaultConfigurationIsVisible = 0;
		};
/* End XCConfigurationList section */
	};
	rootObject = 5740F80E18935EDE006C56F8 /* Project object */;
}
